
Microsoft Visual Studio Solution File, Format Version 12.00
# Visual Studio Version 16
VisualStudioVersion = 16.0.30309.148
MinimumVisualStudioVersion = 10.0.40219.1
Project("{FAE04EC0-301F-11D3-BF4B-00C04F79EFBC}") = "FormationAlgo", "FormationAlgo\FormationAlgo.csproj", "{FD80ED4C-0505-4DFC-80F6-D01848854E87}"
EndProject
Global
	GlobalSection(SolutionConfigurationPlatforms) = preSolution
		Debug|Any CPU = Debug|Any CPU
		Release|Any CPU = Release|Any CPU
	EndGlobalSection
	GlobalSection(ProjectConfigurationPlatforms) = postSolution
		{FD80ED4C-0505-4DFC-80F6-D01848854E87}.Debug|Any CPU.ActiveCfg = Debug|Any CPU
		{FD80ED4C-0505-4DFC-80F6-D01848854E87}.Debug|Any CPU.Build.0 = Debug|Any CPU
		{FD80ED4C-0505-4DFC-80F6-D01848854E87}.Release|Any CPU.ActiveCfg = Release|Any CPU
		{FD80ED4C-0505-4DFC-80F6-D01848854E87}.Release|Any CPU.Build.0 = Release|Any CPU
	EndGlobalSection
	GlobalSection(SolutionProperties) = preSolution
		HideSolutionNode = FALSE
	EndGlobalSection
	GlobalSection(ExtensibilityGlobals) = postSolution
		SolutionGuid = {2BC54885-1E99-4681-914E-3BE6E11DF3AD}
	EndGlobalSection
EndGlobal
